
Microsoft Visual Studio Solution File, Format Version 12.00
# Visual Studio Version 16
VisualStudioVersion = 16.0.32510.428
MinimumVisualStudioVersion = 10.0.40219.1
Project("{FAE04EC0-301F-11D3-BF4B-00C04F79EFBC}") = "AuthApi", "AuthApi\AuthApi.csproj", "{2905BF2F-84A2-462F-85CB-E8362CA883A2}"
EndProject
Global
	GlobalSection(SolutionConfigurationPlatforms) = preSolution
		Debug|Any CPU = Debug|Any CPU
		Release|Any CPU = Release|Any CPU
	EndGlobalSection
	GlobalSection(ProjectConfigurationPlatforms) = postSolution
		{2905BF2F-84A2-462F-85CB-E8362CA883A2}.Debug|Any CPU.ActiveCfg = Debug|Any CPU
		{2905BF2F-84A2-462F-85CB-E8362CA883A2}.Debug|Any CPU.Build.0 = Debug|Any CPU
		{2905BF2F-84A2-462F-85CB-E8362CA883A2}.Release|Any CPU.ActiveCfg = Release|Any CPU
		{2905BF2F-84A2-462F-85CB-E8362CA883A2}.Release|Any CPU.Build.0 = Release|Any CPU
	EndGlobalSection
	GlobalSection(SolutionProperties) = preSolution
		HideSolutionNode = FALSE
	EndGlobalSection
	GlobalSection(ExtensibilityGlobals) = postSolution
		SolutionGuid = {E162A220-A930-4120-A9CC-7BCA4384C7B0}
	EndGlobalSection
EndGlobal
